
Microsoft Visual Studio Solution File, Format Version 12.00
# Visual Studio Version 16
VisualStudioVersion = 16.0.31424.327
MinimumVisualStudioVersion = 10.0.40219.1
Project("{FAE04EC0-301F-11D3-BF4B-00C04F79EFBC}") = "MultilingualGH", "MultilingualGH\MultilingualGH.csproj", "{1EF1842B-8C72-40F2-9C2F-80452DE78AC8}"
EndProject
Global
	GlobalSection(SolutionConfigurationPlatforms) = preSolution
		Debug|Any CPU = Debug|Any CPU
		Release|Any CPU = Release|Any CPU
	EndGlobalSection
	GlobalSection(ProjectConfigurationPlatforms) = postSolution
		{1EF1842B-8C72-40F2-9C2F-80452DE78AC8}.Debug|Any CPU.ActiveCfg = Debug|Any CPU
		{1EF1842B-8C72-40F2-9C2F-80452DE78AC8}.Debug|Any CPU.Build.0 = Debug|Any CPU
		{1EF1842B-8C72-40F2-9C2F-80452DE78AC8}.Release|Any CPU.ActiveCfg = Release|Any CPU
		{1EF1842B-8C72-40F2-9C2F-80452DE78AC8}.Release|Any CPU.Build.0 = Release|Any CPU
	EndGlobalSection
	GlobalSection(SolutionProperties) = preSolution
		HideSolutionNode = FALSE
	EndGlobalSection
	GlobalSection(ExtensibilityGlobals) = postSolution
		SolutionGuid = {C72BE2C4-9AB1-4F58-9F22-5E7B655DE59E}
	EndGlobalSection
EndGlobal
